
Microsoft Visual Studio Solution File, Format Version 12.00
# Visual Studio Version 16
VisualStudioVersion = 16.0.29306.81
MinimumVisualStudioVersion = 10.0.40219.1
Project("{FAE04EC0-301F-11D3-BF4B-00C04F79EFBC}") = "BinhProjectMain", "BinhProjectMain\BinhProjectMain.csproj", "{21940EAF-1A6B-46E4-A102-7791283D0B5C}"
EndProject
Global
	GlobalSection(SolutionConfigurationPlatforms) = preSolution
		Debug|Any CPU = Debug|Any CPU
		Release|Any CPU = Release|Any CPU
	EndGlobalSection
	GlobalSection(ProjectConfigurationPlatforms) = postSolution
		{21940EAF-1A6B-46E4-A102-7791283D0B5C}.Debug|Any CPU.ActiveCfg = Debug|Any CPU
		{21940EAF-1A6B-46E4-A102-7791283D0B5C}.Debug|Any CPU.Build.0 = Debug|Any CPU
		{21940EAF-1A6B-46E4-A102-7791283D0B5C}.Release|Any CPU.ActiveCfg = Release|Any CPU
		{21940EAF-1A6B-46E4-A102-7791283D0B5C}.Release|Any CPU.Build.0 = Release|Any CPU
	EndGlobalSection
	GlobalSection(SolutionProperties) = preSolution
		HideSolutionNode = FALSE
	EndGlobalSection
	GlobalSection(ExtensibilityGlobals) = postSolution
		SolutionGuid = {061BB90C-AD34-4004-8C25-59F61124CAE6}
	EndGlobalSection
EndGlobal
